// !$*UTF8*$!
{
	archiveVersion = 1;
	classes = {
	};
	objectVersion = 55;
	objects = {

/* Begin PBXBuildFile section */
		108E21B95D31D87C1DD730C4 /* Pods_TestSuite.framework in Frameworks */ = {isa = PBXBuildFile; fileRef = D09AA528B5D8DA6F255E2CF9 /* Pods_TestSuite.framework */; };
		921A298E28AE959000E21EDE /* AppDelegate.swift in Sources */ = {isa = PBXBuildFile; fileRef = 921A298D28AE959000E21EDE /* AppDelegate.swift */; };
		921A299028AE959000E21EDE /* SceneDelegate.swift in Sources */ = {isa = PBXBuildFile; fileRef = 921A298F28AE959000E21EDE /* SceneDelegate.swift */; };
		921A299228AE959000E21EDE /* ViewController.swift in Sources */ = {isa = PBXBuildFile; fileRef = 921A299128AE959000E21EDE /* ViewController.swift */; };
		921A299528AE959000E21EDE /* Main.storyboard in Resources */ = {isa = PBXBuildFile; fileRef = 921A299328AE959000E21EDE /* Main.storyboard */; };
		921A299728AE959100E21EDE /* Assets.xcassets in Resources */ = {isa = PBXBuildFile; fileRef = 921A299628AE959100E21EDE /* Assets.xcassets */; };
		921A299A28AE959100E21EDE /* LaunchScreen.storyboard in Resources */ = {isa = PBXBuildFile; fileRef = 921A299828AE959100E21EDE /* LaunchScreen.storyboard */; };
		921A29A328B3947D00E21EDE /* WebKit.framework in Frameworks */ = {isa = PBXBuildFile; fileRef = 921A29A228B3947D00E21EDE /* WebKit.framework */; };
		92C9641D28B3A5AB0073FE2A /* IronsourceAdsController.swift in Sources */ = {isa = PBXBuildFile; fileRef = 92C9641C28B3A5AB0073FE2A /* IronsourceAdsController.swift */; };
/* End PBXBuildFile section */

/* Begin PBXFileReference section */
		580DBCE375556E9A4AC57AAB /* Pods-TestSuite.release.xcconfig */ = {isa = PBXFileReference; includeInIndex = 1; lastKnownFileType = text.xcconfig; name = "Pods-TestSuite.release.xcconfig"; path = "Target Support Files/Pods-TestSuite/Pods-TestSuite.release.xcconfig"; sourceTree = "<group>"; };
		5AB92529BBBE9E03B7F97ECC /* Pods-TestSuite.debug.xcconfig */ = {isa = PBXFileReference; includeInIndex = 1; lastKnownFileType = text.xcconfig; name = "Pods-TestSuite.debug.xcconfig"; path = "Target Support Files/Pods-TestSuite/Pods-TestSuite.debug.xcconfig"; sourceTree = "<group>"; };
		921A298A28AE959000E21EDE /* TestSuite.app */ = {isa = PBXFileReference; explicitFileType = wrapper.application; includeInIndex = 0; path = TestSuite.app; sourceTree = BUILT_PRODUCTS_DIR; };
		921A298D28AE959000E21EDE /* AppDelegate.swift */ = {isa = PBXFileReference; lastKnownFileType = sourcecode.swift; path = AppDelegate.swift; sourceTree = "<group>"; };
		921A298F28AE959000E21EDE /* SceneDelegate.swift */ = {isa = PBXFileReference; lastKnownFileType = sourcecode.swift; path = SceneDelegate.swift; sourceTree = "<group>"; };
		921A299128AE959000E21EDE /* ViewController.swift */ = {isa = PBXFileReference; lastKnownFileType = sourcecode.swift; path = ViewController.swift; sourceTree = "<group>"; };
		921A299428AE959000E21EDE /* Base */ = {isa = PBXFileReference; lastKnownFileType = file.storyboard; name = Base; path = Base.lproj/Main.storyboard; sourceTree = "<group>"; };
		921A299628AE959100E21EDE /* Assets.xcassets */ = {isa = PBXFileReference; lastKnownFileType = folder.assetcatalog; path = Assets.xcassets; sourceTree = "<group>"; };
		921A299928AE959100E21EDE /* Base */ = {isa = PBXFileReference; lastKnownFileType = file.storyboard; name = Base; path = Base.lproj/LaunchScreen.storyboard; sourceTree = "<group>"; };
		921A299B28AE959100E21EDE /* Info.plist */ = {isa = PBXFileReference; lastKnownFileType = text.plist.xml; path = Info.plist; sourceTree = "<group>"; };
		921A29A228B3947D00E21EDE /* WebKit.framework */ = {isa = PBXFileReference; lastKnownFileType = wrapper.framework; name = WebKit.framework; path = System/Library/Frameworks/WebKit.framework; sourceTree = SDKROOT; };
		92C9641C28B3A5AB0073FE2A /* IronsourceAdsController.swift */ = {isa = PBXFileReference; lastKnownFileType = sourcecode.swift; path = IronsourceAdsController.swift; sourceTree = "<group>"; };
		D09AA528B5D8DA6F255E2CF9 /* Pods_TestSuite.framework */ = {isa = PBXFileReference; explicitFileType = wrapper.framework; includeInIndex = 0; path = Pods_TestSuite.framework; sourceTree = BUILT_PRODUCTS_DIR; };
/* End PBXFileReference section */

/* Begin PBXFrameworksBuildPhase section */
		921A298728AE959000E21EDE /* Frameworks */ = {
			isa = PBXFrameworksBuildPhase;
			buildActionMask = 2147483647;
			files = (
				921A29A328B3947D00E21EDE /* WebKit.framework in Frameworks */,
				108E21B95D31D87C1DD730C4 /* Pods_TestSuite.framework in Frameworks */,
			);
			runOnlyForDeploymentPostprocessing = 0;
		};
/* End PBXFrameworksBuildPhase section */

/* Begin PBXGroup section */
		921A298128AE959000E21EDE = {
			isa = PBXGroup;
			children = (
				921A298C28AE959000E21EDE /* TestSuite */,
				921A298B28AE959000E21EDE /* Products */,
				921A29A128B3947C00E21EDE /* Frameworks */,
				944362163330370EA7875DD0 /* Pods */,
			);
			sourceTree = "<group>";
		};
		921A298B28AE959000E21EDE /* Products */ = {
			isa = PBXGroup;
			children = (
				921A298A28AE959000E21EDE /* TestSuite.app */,
			);
			name = Products;
			sourceTree = "<group>";
		};
		921A298C28AE959000E21EDE /* TestSuite */ = {
			isa = PBXGroup;
			children = (
				921A298D28AE959000E21EDE /* AppDelegate.swift */,
				921A298F28AE959000E21EDE /* SceneDelegate.swift */,
				921A299128AE959000E21EDE /* ViewController.swift */,
				92C9641C28B3A5AB0073FE2A /* IronsourceAdsController.swift */,
				921A299328AE959000E21EDE /* Main.storyboard */,
				921A299628AE959100E21EDE /* Assets.xcassets */,
				921A299828AE959100E21EDE /* LaunchScreen.storyboard */,
				921A299B28AE959100E21EDE /* Info.plist */,
			);
			path = TestSuite;
			sourceTree = "<group>";
		};
		921A29A128B3947C00E21EDE /* Frameworks */ = {
			isa = PBXGroup;
			children = (
				921A29A228B3947D00E21EDE /* WebKit.framework */,
				D09AA528B5D8DA6F255E2CF9 /* Pods_TestSuite.framework */,
			);
			name = Frameworks;
			sourceTree = "<group>";
		};
		944362163330370EA7875DD0 /* Pods */ = {
			isa = PBXGroup;
			children = (
				5AB92529BBBE9E03B7F97ECC /* Pods-TestSuite.debug.xcconfig */,
				580DBCE375556E9A4AC57AAB /* Pods-TestSuite.release.xcconfig */,
			);
			path = Pods;
			sourceTree = "<group>";
		};
/* End PBXGroup section */

/* Begin PBXNativeTarget section */
		921A298928AE959000E21EDE /* TestSuite */ = {
			isa = PBXNativeTarget;
			buildConfigurationList = 921A299E28AE959100E21EDE /* Build configuration list for PBXNativeTarget "TestSuite" */;
			buildPhases = (
				7A936F409482EAFA3A50D9EE /* [CP] Check Pods Manifest.lock */,
				921A298628AE959000E21EDE /* Sources */,
				921A298728AE959000E21EDE /* Frameworks */,
				921A298828AE959000E21EDE /* Resources */,
			);
			buildRules = (
			);
			dependencies = (
			);
			name = TestSuite;
			productName = TestSuite;
			productReference = 921A298A28AE959000E21EDE /* TestSuite.app */;
			productType = "com.apple.product-type.application";
		};
/* End PBXNativeTarget section */

/* Begin PBXProject section */
		921A298228AE959000E21EDE /* Project object */ = {
			isa = PBXProject;
			attributes = {
				BuildIndependentTargetsInParallel = 1;
				LastSwiftUpdateCheck = 1340;
				LastUpgradeCheck = 1340;
				TargetAttributes = {
					921A298928AE959000E21EDE = {
						CreatedOnToolsVersion = 13.4;
					};
				};
			};
			buildConfigurationList = 921A298528AE959000E21EDE /* Build configuration list for PBXProject "TestSuite" */;
			compatibilityVersion = "Xcode 13.0";
			developmentRegion = en;
			hasScannedForEncodings = 0;
			knownRegions = (
				en,
				Base,
			);
			mainGroup = 921A298128AE959000E21EDE;
			productRefGroup = 921A298B28AE959000E21EDE /* Products */;
			projectDirPath = "";
			projectRoot = "";
			targets = (
				921A298928AE959000E21EDE /* TestSuite */,
			);
		};
/* End PBXProject section */

/* Begin PBXResourcesBuildPhase section */
		921A298828AE959000E21EDE /* Resources */ = {
			isa = PBXResourcesBuildPhase;
			buildActionMask = 2147483647;
			files = (
				921A299A28AE959100E21EDE /* LaunchScreen.storyboard in Resources */,
				921A299728AE959100E21EDE /* Assets.xcassets in Resources */,
				921A299528AE959000E21EDE /* Main.storyboard in Resources */,
			);
			runOnlyForDeploymentPostprocessing = 0;
		};
/* End PBXResourcesBuildPhase section */

/* Begin PBXShellScriptBuildPhase section */
		7A936F409482EAFA3A50D9EE /* [CP] Check Pods Manifest.lock */ = {
			isa = PBXShellScriptBuildPhase;
			buildActionMask = 2147483647;
			files = (
			);
			inputFileListPaths = (
			);
			inputPaths = (
				"${PODS_PODFILE_DIR_PATH}/Podfile.lock",
				"${PODS_ROOT}/Manifest.lock",
			);
			name = "[CP] Check Pods Manifest.lock";
			outputFileListPaths = (
			);
			outputPaths = (
				"$(DERIVED_FILE_DIR)/Pods-TestSuite-checkManifestLockResult.txt",
			);
			runOnlyForDeploymentPostprocessing = 0;
			shellPath = /bin/sh;
			shellScript = "diff \"${PODS_PODFILE_DIR_PATH}/Podfile.lock\" \"${PODS_ROOT}/Manifest.lock\" > /dev/null\nif [ $? != 0 ] ; then\n    # print error to STDERR\n    echo \"error: The sandbox is not in sync with the Podfile.lock. Run 'pod install' or update your CocoaPods installation.\" >&2\n    exit 1\nfi\n# This output is used by Xcode 'outputs' to avoid re-running this script phase.\necho \"SUCCESS\" > \"${SCRIPT_OUTPUT_FILE_0}\"\n";
			showEnvVarsInLog = 0;
		};
/* End PBXShellScriptBuildPhase section */

/* Begin PBXSourcesBuildPhase section */
		921A298628AE959000E21EDE /* Sources */ = {
			isa = PBXSourcesBuildPhase;
			buildActionMask = 2147483647;
			files = (
				921A299228AE959000E21EDE /* ViewController.swift in Sources */,
				92C9641D28B3A5AB0073FE2A /* IronsourceAdsController.swift in Sources */,
				921A298E28AE959000E21EDE /* AppDelegate.swift in Sources */,
				921A299028AE959000E21EDE /* SceneDelegate.swift in Sources */,
			);
			runOnlyForDeploymentPostprocessing = 0;
		};
/* End PBXSourcesBuildPhase section */

/* Begin PBXVariantGroup section */
		921A299328AE959000E21EDE /* Main.storyboard */ = {
			isa = PBXVariantGroup;
			children = (
				921A299428AE959000E21EDE /* Base */,
			);
			name = Main.storyboard;
			sourceTree = "<group>";
		};
		921A299828AE959100E21EDE /* LaunchScreen.storyboard */ = {
			isa = PBXVariantGroup;
			children = (
				921A299928AE959100E21EDE /* Base */,
			);
			name = LaunchScreen.storyboard;
			sourceTree = "<group>";
		};
/* End PBXVariantGroup section */

/* Begin XCBuildConfiguration section */
		921A299C28AE959100E21EDE /* Debug */ = {
			isa = XCBuildConfiguration;
			buildSettings = {
				ALWAYS_SEARCH_USER_PATHS = NO;
				CLANG_ANALYZER_NONNULL = YES;
				CLANG_ANALYZER_NUMBER_OBJECT_CONVERSION = YES_AGGRESSIVE;
				CLANG_CXX_LANGUAGE_STANDARD = "gnu++17";
				CLANG_ENABLE_MODULES = YES;
				CLANG_ENABLE_OBJC_ARC = YES;
				CLANG_ENABLE_OBJC_WEAK = YES;
				CLANG_WARN_BLOCK_CAPTURE_AUTORELEASING = YES;
				CLANG_WARN_BOOL_CONVERSION = YES;
				CLANG_WARN_COMMA = YES;
				CLANG_WARN_CONSTANT_CONVERSION = YES;
				CLANG_WARN_DEPRECATED_OBJC_IMPLEMENTATIONS = YES;
				CLANG_WARN_DIRECT_OBJC_ISA_USAGE = YES_ERROR;
				CLANG_WARN_DOCUMENTATION_COMMENTS = YES;
				CLANG_WARN_EMPTY_BODY = YES;
				CLANG_WARN_ENUM_CONVERSION = YES;
				CLANG_WARN_INFINITE_RECURSION = YES;
				CLANG_WARN_INT_CONVERSION = YES;
				CLANG_WARN_NON_LITERAL_NULL_CONVERSION = YES;
				CLANG_WARN_OBJC_IMPLICIT_RETAIN_SELF = YES;
				CLANG_WARN_OBJC_LITERAL_CONVERSION = YES;
				CLANG_WARN_OBJC_ROOT_CLASS = YES_ERROR;
				CLANG_WARN_QUOTED_INCLUDE_IN_FRAMEWORK_HEADER = YES;
				CLANG_WARN_RANGE_LOOP_ANALYSIS = YES;
				CLANG_WARN_STRICT_PROTOTYPES = YES;
				CLANG_WARN_SUSPICIOUS_MOVE = YES;
				CLANG_WARN_UNGUARDED_AVAILABILITY = YES_AGGRESSIVE;
				CLANG_WARN_UNREACHABLE_CODE = YES;
				CLANG_WARN__DUPLICATE_METHOD_MATCH = YES;
				COPY_PHASE_STRIP = NO;
				DEBUG_INFORMATION_FORMAT = dwarf;
				ENABLE_STRICT_OBJC_MSGSEND = YES;
				ENABLE_TESTABILITY = YES;
				GCC_C_LANGUAGE_STANDARD = gnu11;
				GCC_DYNAMIC_NO_PIC = NO;
				GCC_NO_COMMON_BLOCKS = YES;
				GCC_OPTIMIZATION_LEVEL = 0;
				GCC_PREPROCESSOR_DEFINITIONS = (
					"DEBUG=1",
					"$(inherited)",
				);
				GCC_WARN_64_TO_32_BIT_CONVERSION = YES;
				GCC_WARN_ABOUT_RETURN_TYPE = YES_ERROR;
				GCC_WARN_UNDECLARED_SELECTOR = YES;
				GCC_WARN_UNINITIALIZED_AUTOS = YES_AGGRESSIVE;
				GCC_WARN_UNUSED_FUNCTION = YES;
				GCC_WARN_UNUSED_VARIABLE = YES;
				IPHONEOS_DEPLOYMENT_TARGET = 15.5;
				MTL_ENABLE_DEBUG_INFO = INCLUDE_SOURCE;
				MTL_FAST_MATH = YES;
				ONLY_ACTIVE_ARCH = YES;
				SDKROOT = iphoneos;
				SWIFT_ACTIVE_COMPILATION_CONDITIONS = DEBUG;
				SWIFT_OBJC_BRIDGING_HEADER = "";
				SWIFT_OBJC_INTERFACE_HEADER_NAME = "$(SWIFT_MODULE_NAME)-Swift.h";
				SWIFT_OPTIMIZATION_LEVEL = "-Onone";
				SWIFT_PRECOMPILE_BRIDGING_HEADER = YES;
			};
			name = Debug;
		};
		921A299D28AE959100E21EDE /* Release */ = {
			isa = XCBuildConfiguration;
			buildSettings = {
				ALWAYS_SEARCH_USER_PATHS = NO;
				CLANG_ANALYZER_NONNULL = YES;
				CLANG_ANALYZER_NUMBER_OBJECT_CONVERSION = YES_AGGRESSIVE;
				CLANG_CXX_LANGUAGE_STANDARD = "gnu++17";
				CLANG_ENABLE_MODULES = YES;
				CLANG_ENABLE_OBJC_ARC = YES;
				CLANG_ENABLE_OBJC_WEAK = YES;
				CLANG_WARN_BLOCK_CAPTURE_AUTORELEASING = YES;
				CLANG_WARN_BOOL_CONVERSION = YES;
				CLANG_WARN_COMMA = YES;
				CLANG_WARN_CONSTANT_CONVERSION = YES;
				CLANG_WARN_DEPRECATED_OBJC_IMPLEMENTATIONS = YES;
				CLANG_WARN_DIRECT_OBJC_ISA_USAGE = YES_ERROR;
				CLANG_WARN_DOCUMENTATION_COMMENTS = YES;
				CLANG_WARN_EMPTY_BODY = YES;
				CLANG_WARN_ENUM_CONVERSION = YES;
				CLANG_WARN_INFINITE_RECURSION = YES;
				CLANG_WARN_INT_CONVERSION = YES;
				CLANG_WARN_NON_LITERAL_NULL_CONVERSION = YES;
				CLANG_WARN_OBJC_IMPLICIT_RETAIN_SELF = YES;
				CLANG_WARN_OBJC_LITERAL_CONVERSION = YES;
				CLANG_WARN_OBJC_ROOT_CLASS = YES_ERROR;
				CLANG_WARN_QUOTED_INCLUDE_IN_FRAMEWORK_HEADER = YES;
				CLANG_WARN_RANGE_LOOP_ANALYSIS = YES;
				CLANG_WARN_STRICT_PROTOTYPES = YES;
				CLANG_WARN_SUSPICIOUS_MOVE = YES;
				CLANG_WARN_UNGUARDED_AVAILABILITY = YES_AGGRESSIVE;
				CLANG_WARN_UNREACHABLE_CODE = YES;
				CLANG_WARN__DUPLICATE_METHOD_MATCH = YES;
				COPY_PHASE_STRIP = NO;
				DEBUG_INFORMATION_FORMAT = "dwarf-with-dsym";
				ENABLE_NS_ASSERTIONS = NO;
				ENABLE_STRICT_OBJC_MSGSEND = YES;
				GCC_C_LANGUAGE_STANDARD = gnu11;
				GCC_NO_COMMON_BLOCKS = YES;
				GCC_WARN_64_TO_32_BIT_CONVERSION = YES;
				GCC_WARN_ABOUT_RETURN_TYPE = YES_ERROR;
				GCC_WARN_UNDECLARED_SELECTOR = YES;
				GCC_WARN_UNINITIALIZED_AUTOS = YES_AGGRESSIVE;
				GCC_WARN_UNUSED_FUNCTION = YES;
				GCC_WARN_UNUSED_VARIABLE = YES;
				IPHONEOS_DEPLOYMENT_TARGET = 15.5;
				MTL_ENABLE_DEBUG_INFO = NO;
				MTL_FAST_MATH = YES;
				SDKROOT = iphoneos;
				SWIFT_COMPILATION_MODE = wholemodule;
				SWIFT_OBJC_BRIDGING_HEADER = "";
				SWIFT_OBJC_INTERFACE_HEADER_NAME = "$(SWIFT_MODULE_NAME)-Swift.h";
				SWIFT_OPTIMIZATION_LEVEL = "-O";
				SWIFT_PRECOMPILE_BRIDGING_HEADER = YES;
				VALIDATE_PRODUCT = YES;
			};
			name = Release;
		};
		921A299F28AE959100E21EDE /* Debug */ = {
			isa = XCBuildConfiguration;
			baseConfigurationReference = 5AB92529BBBE9E03B7F97ECC /* Pods-TestSuite.debug.xcconfig */;
			buildSettings = {
				ASSETCATALOG_COMPILER_APPICON_NAME = AppIcon;
				ASSETCATALOG_COMPILER_GLOBAL_ACCENT_COLOR_NAME = AccentColor;
				CODE_SIGN_STYLE = Automatic;
				CURRENT_PROJECT_VERSION = 1;
				DEVELOPMENT_TEAM = DS7QA8Y758;
				GENERATE_INFOPLIST_FILE = YES;
				INFOPLIST_FILE = TestSuite/Info.plist;
				INFOPLIST_KEY_UIApplicationSupportsIndirectInputEvents = YES;
				INFOPLIST_KEY_UILaunchStoryboardName = LaunchScreen;
				INFOPLIST_KEY_UIMainStoryboardFile = Main;
				INFOPLIST_KEY_UISupportedInterfaceOrientations_iPad = "UIInterfaceOrientationPortrait UIInterfaceOrientationPortraitUpsideDown UIInterfaceOrientationLandscapeLeft UIInterfaceOrientationLandscapeRight";
				INFOPLIST_KEY_UISupportedInterfaceOrientations_iPhone = "UIInterfaceOrientationPortrait UIInterfaceOrientationLandscapeLeft UIInterfaceOrientationLandscapeRight";
				IPHONEOS_DEPLOYMENT_TARGET = 15.0;
				LD_RUNPATH_SEARCH_PATHS = (
					"$(inherited)",
					"@executable_path/Frameworks",
				);
				MARKETING_VERSION = 1.0;
				PRODUCT_BUNDLE_IDENTIFIER = com.testsuite.test.TestSuite;
				PRODUCT_NAME = "$(TARGET_NAME)";
				SWIFT_EMIT_LOC_STRINGS = YES;
				SWIFT_OBJC_BRIDGING_HEADER = "${PODS_ROOT}/IronSourceSDK/IronSource/IronSource.xcframework/ios-arm64_armv7/IronSource.framework/Versions/A/Headers/IronSource.h";
				SWIFT_VERSION = 5.0;
				TARGETED_DEVICE_FAMILY = "1,2";
			};
			name = Debug;
		};
		921A29A028AE959100E21EDE /* Release */ = {
			isa = XCBuildConfiguration;
			baseConfigurationReference = 580DBCE375556E9A4AC57AAB /* Pods-TestSuite.release.xcconfig */;
			buildSettings = {
				ASSETCATALOG_COMPILER_APPICON_NAME = AppIcon;
				ASSETCATALOG_COMPILER_GLOBAL_ACCENT_COLOR_NAME = AccentColor;
				CODE_SIGN_STYLE = Automatic;
				CURRENT_PROJECT_VERSION = 1;
				DEVELOPMENT_TEAM = DS7QA8Y758;
				GENERATE_INFOPLIST_FILE = YES;
				INFOPLIST_FILE = TestSuite/Info.plist;
				INFOPLIST_KEY_UIApplicationSupportsIndirectInputEvents = YES;
				INFOPLIST_KEY_UILaunchStoryboardName = LaunchScreen;
				INFOPLIST_KEY_UIMainStoryboardFile = Main;
				INFOPLIST_KEY_UISupportedInterfaceOrientations_iPad = "UIInterfaceOrientationPortrait UIInterfaceOrientationPortraitUpsideDown UIInterfaceOrientationLandscapeLeft UIInterfaceOrientationLandscapeRight";
				INFOPLIST_KEY_UISupportedInterfaceOrientations_iPhone = "UIInterfaceOrientationPortrait UIInterfaceOrientationLandscapeLeft UIInterfaceOrientationLandscapeRight";
				IPHONEOS_DEPLOYMENT_TARGET = 15.0;
				LD_RUNPATH_SEARCH_PATHS = (
					"$(inherited)",
					"@executable_path/Frameworks",
				);
				MARKETING_VERSION = 1.0;
				PRODUCT_BUNDLE_IDENTIFIER = com.testsuite.test.TestSuite;
				PRODUCT_NAME = "$(TARGET_NAME)";
				SWIFT_EMIT_LOC_STRINGS = YES;
				SWIFT_OBJC_BRIDGING_HEADER = "${PODS_ROOT}/IronSourceSDK/IronSource/IronSource.xcframework/ios-arm64_armv7/IronSource.framework/Versions/A/Headers/IronSource.h";
				SWIFT_VERSION = 5.0;
				TARGETED_DEVICE_FAMILY = "1,2";
			};
			name = Release;
		};
/* End XCBuildConfiguration section */

/* Begin XCConfigurationList section */
		921A298528AE959000E21EDE /* Build configuration list for PBXProject "TestSuite" */ = {
			isa = XCConfigurationList;
			buildConfigurations = (
				921A299C28AE959100E21EDE /* Debug */,
				921A299D28AE959100E21EDE /* Release */,
			);
			defaultConfigurationIsVisible = 0;
			defaultConfigurationName = Release;
		};
		921A299E28AE959100E21EDE /* Build configuration list for PBXNativeTarget "TestSuite" */ = {
			isa = XCConfigurationList;
			buildConfigurations = (
				921A299F28AE959100E21EDE /* Debug */,
				921A29A028AE959100E21EDE /* Release */,
			);
			defaultConfigurationIsVisible = 0;
			defaultConfigurationName = Release;
		};
/* End XCConfigurationList section */
	};
	rootObject = 921A298228AE959000E21EDE /* Project object */;
}
